Microsoft Visual Studio Solution File, Format Version 12.00
# Visual Studio Version 17
VisualStudioVersion = 17.5.2.0
MinimumVisualStudioVersion = 10.0.40219.1
Project("{FAE04EC0-301F-11D3-BF4B-00C04F79EFBC}") = "promedio", "calificacion\promedio.csproj", "{67362635-BF51-8886-66B2-18094F0440CA}"
EndProject
Project("{FAE04EC0-301F-11D3-BF4B-00C04F79EFBC}") = "cero", "cero\cero.csproj", "{B0003B8E-DEB7-F7D8-F63F-E4EE6EBAB665}"
EndProject
Project("{FAE04EC0-301F-11D3-BF4B-00C04F79EFBC}") = "entero", "entero\entero.csproj", "{8F1F0CBC-4812-B6C7-73C0-0488B8AAEE13}"
EndProject
Project("{FAE04EC0-301F-11D3-BF4B-00C04F79EFBC}") = "triangulo", "triangulo\triangulo.csproj", "{EFF49FE6-881D-B1BD-054D-4A5A43A3D9F1}"
EndProject
Project("{FAE04EC0-301F-11D3-BF4B-00C04F79EFBC}") = "velocidad", "velocidad\velocidad.csproj", "{B4FDF47A-627B-C820-579B-FC132EEDAA34}"
EndProject
Global
	GlobalSection(SolutionConfigurationPlatforms) = preSolution
		Debug|Any CPU = Debug|Any CPU
		Release|Any CPU = Release|Any CPU
	EndGlobalSection
	GlobalSection(ProjectConfigurationPlatforms) = postSolution
		{67362635-BF51-8886-66B2-18094F0440CA}.Debug|Any CPU.ActiveCfg = Debug|Any CPU
		{67362635-BF51-8886-66B2-18094F0440CA}.Debug|Any CPU.Build.0 = Debug|Any CPU
		{67362635-BF51-8886-66B2-18094F0440CA}.Release|Any CPU.ActiveCfg = Release|Any CPU
		{67362635-BF51-8886-66B2-18094F0440CA}.Release|Any CPU.Build.0 = Release|Any CPU
		{B0003B8E-DEB7-F7D8-F63F-E4EE6EBAB665}.Debug|Any CPU.ActiveCfg = Debug|Any CPU
		{B0003B8E-DEB7-F7D8-F63F-E4EE6EBAB665}.Debug|Any CPU.Build.0 = Debug|Any CPU
		{B0003B8E-DEB7-F7D8-F63F-E4EE6EBAB665}.Release|Any CPU.ActiveCfg = Release|Any CPU
		{B0003B8E-DEB7-F7D8-F63F-E4EE6EBAB665}.Release|Any CPU.Build.0 = Release|Any CPU
		{8F1F0CBC-4812-B6C7-73C0-0488B8AAEE13}.Debug|Any CPU.ActiveCfg = Debug|Any CPU
		{8F1F0CBC-4812-B6C7-73C0-0488B8AAEE13}.Debug|Any CPU.Build.0 = Debug|Any CPU
		{8F1F0CBC-4812-B6C7-73C0-0488B8AAEE13}.Release|Any CPU.ActiveCfg = Release|Any CPU
		{8F1F0CBC-4812-B6C7-73C0-0488B8AAEE13}.Release|Any CPU.Build.0 = Release|Any CPU
		{EFF49FE6-881D-B1BD-054D-4A5A43A3D9F1}.Debug|Any CPU.ActiveCfg = Debug|Any CPU
		{EFF49FE6-881D-B1BD-054D-4A5A43A3D9F1}.Debug|Any CPU.Build.0 = Debug|Any CPU
		{EFF49FE6-881D-B1BD-054D-4A5A43A3D9F1}.Release|Any CPU.ActiveCfg = Release|Any CPU
		{EFF49FE6-881D-B1BD-054D-4A5A43A3D9F1}.Release|Any CPU.Build.0 = Release|Any CPU
		{B4FDF47A-627B-C820-579B-FC132EEDAA34}.Debug|Any CPU.ActiveCfg = Debug|Any CPU
		{B4FDF47A-627B-C820-579B-FC132EEDAA34}.Debug|Any CPU.Build.0 = Debug|Any CPU
		{B4FDF47A-627B-C820-579B-FC132EEDAA34}.Release|Any CPU.ActiveCfg = Release|Any CPU
		{B4FDF47A-627B-C820-579B-FC132EEDAA34}.Release|Any CPU.Build.0 = Release|Any CPU
	EndGlobalSection
	GlobalSection(SolutionProperties) = preSolution
		HideSolutionNode = FALSE
	EndGlobalSection
	GlobalSection(ExtensibilityGlobals) = postSolution
		SolutionGuid = {D1AA7C71-FB2E-4DB4-9EB7-68580E2E4ECD}
	EndGlobalSection
EndGlobal
